// !$*UTF8*$!
{
	archiveVersion = 1;
	classes = {
	};
	objectVersion = 46;
	objects = {

/* Begin PBXBuildFile section */
		1D02FCA11D1FB194007AD278 /* main.m in Sources */ = {isa = PBXBuildFile; fileRef = 1D02FCA01D1FB194007AD278 /* main.m */; };
		1D02FCA41D1FB194007AD278 /* AppDelegate.m in Sources */ = {isa = PBXBuildFile; fileRef = 1D02FCA31D1FB194007AD278 /* AppDelegate.m */; };
		1D02FCA71D1FB194007AD278 /* ViewController.m in Sources */ = {isa = PBXBuildFile; fileRef = 1D02FCA61D1FB194007AD278 /* ViewController.m */; };
		1D02FCAA1D1FB194007AD278 /* Main.storyboard in Resources */ = {isa = PBXBuildFile; fileRef = 1D02FCA81D1FB194007AD278 /* Main.storyboard */; };
		1D02FCAC1D1FB194007AD278 /* Assets.xcassets in Resources */ = {isa = PBXBuildFile; fileRef = 1D02FCAB1D1FB194007AD278 /* Assets.xcassets */; };
		1D02FCAF1D1FB194007AD278 /* LaunchScreen.storyboard in Resources */ = {isa = PBXBuildFile; fileRef = 1D02FCAD1D1FB194007AD278 /* LaunchScreen.storyboard */; };
		1D02FCBA1D1FB194007AD278 /* SimilarPullDownTests.m in Sources */ = {isa = PBXBuildFile; fileRef = 1D02FCB91D1FB194007AD278 /* SimilarPullDownTests.m */; };
		1D02FCC51D1FB194007AD278 /* SimilarPullDownUITests.m in Sources */ = {isa = PBXBuildFile; fileRef = 1D02FCC41D1FB194007AD278 /* SimilarPullDownUITests.m */; };
		1D02FCD41D1FB239007AD278 /* PullDownView.m in Sources */ = {isa = PBXBuildFile; fileRef = 1D02FCD31D1FB239007AD278 /* PullDownView.m */; };
		1D02FCD71D1FB24C007AD278 /* PullDownMainView.m in Sources */ = {isa = PBXBuildFile; fileRef = 1D02FCD61D1FB24C007AD278 /* PullDownMainView.m */; };
/* End PBXBuildFile section */

/* Begin PBXContainerItemProxy section */
		1D02FCB61D1FB194007AD278 /* PBXContainerItemProxy */ = {
			isa = PBXContainerItemProxy;
			containerPortal = 1D02FC941D1FB194007AD278 /* Project object */;
			proxyType = 1;
			remoteGlobalIDString = 1D02FC9B1D1FB194007AD278;
			remoteInfo = SimilarPullDown;
		};
		1D02FCC11D1FB194007AD278 /* PBXContainerItemProxy */ = {
			isa = PBXContainerItemProxy;
			containerPortal = 1D02FC941D1FB194007AD278 /* Project object */;
			proxyType = 1;
			remoteGlobalIDString = 1D02FC9B1D1FB194007AD278;
			remoteInfo = SimilarPullDown;
		};
/* End PBXContainerItemProxy section */

/* Begin PBXFileReference section */
		1D02FC9C1D1FB194007AD278 /* SimilarPullDown.app */ = {isa = PBXFileReference; explicitFileType = wrapper.application; includeInIndex = 0; path = SimilarPullDown.app; sourceTree = BUILT_PRODUCTS_DIR; };
		1D02FCA01D1FB194007AD278 /* main.m */ = {isa = PBXFileReference; lastKnownFileType = sourcecode.c.objc; path = main.m; sourceTree = "<group>"; };
		1D02FCA21D1FB194007AD278 /* AppDelegate.h */ = {isa = PBXFileReference; lastKnownFileType = sourcecode.c.h; path = AppDelegate.h; sourceTree = "<group>"; };
		1D02FCA31D1FB194007AD278 /* AppDelegate.m */ = {isa = PBXFileReference; lastKnownFileType = sourcecode.c.objc; path = AppDelegate.m; sourceTree = "<group>"; };
		1D02FCA51D1FB194007AD278 /* ViewController.h */ = {isa = PBXFileReference; lastKnownFileType = sourcecode.c.h; path = ViewController.h; sourceTree = "<group>"; };
		1D02FCA61D1FB194007AD278 /* ViewController.m */ = {isa = PBXFileReference; lastKnownFileType = sourcecode.c.objc; path = ViewController.m; sourceTree = "<group>"; };
		1D02FCA91D1FB194007AD278 /* Base */ = {isa = PBXFileReference; lastKnownFileType = file.storyboard; name = Base; path = Base.lproj/Main.storyboard; sourceTree = "<group>"; };
		1D02FCAB1D1FB194007AD278 /* Assets.xcassets */ = {isa = PBXFileReference; lastKnownFileType = folder.assetcatalog; path = Assets.xcassets; sourceTree = "<group>"; };
		1D02FCAE1D1FB194007AD278 /* Base */ = {isa = PBXFileReference; lastKnownFileType = file.storyboard; name = Base; path = Base.lproj/LaunchScreen.storyboard; sourceTree = "<group>"; };
		1D02FCB01D1FB194007AD278 /* Info.plist */ = {isa = PBXFileReference; lastKnownFileType = text.plist.xml; path = Info.plist; sourceTree = "<group>"; };
		1D02FCB51D1FB194007AD278 /* SimilarPullDownTests.xctest */ = {isa = PBXFileReference; explicitFileType = wrapper.cfbundle; includeInIndex = 0; path = SimilarPullDownTests.xctest; sourceTree = BUILT_PRODUCTS_DIR; };
		1D02FCB91D1FB194007AD278 /* SimilarPullDownTests.m */ = {isa = PBXFileReference; lastKnownFileType = sourcecode.c.objc; path = SimilarPullDownTests.m; sourceTree = "<group>"; };
		1D02FCBB1D1FB194007AD278 /* Info.plist */ = {isa = PBXFileReference; lastKnownFileType = text.plist.xml; path = Info.plist; sourceTree = "<group>"; };
		1D02FCC01D1FB194007AD278 /* SimilarPullDownUITests.xctest */ = {isa = PBXFileReference; explicitFileType = wrapper.cfbundle; includeInIndex = 0; path = SimilarPullDownUITests.xctest; sourceTree = BUILT_PRODUCTS_DIR; };
		1D02FCC41D1FB194007AD278 /* SimilarPullDownUITests.m */ = {isa = PBXFileReference; lastKnownFileType = sourcecode.c.objc; path = SimilarPullDownUITests.m; sourceTree = "<group>"; };
		1D02FCC61D1FB194007AD278 /* Info.plist */ = {isa = PBXFileReference; lastKnownFileType = text.plist.xml; path = Info.plist; sourceTree = "<group>"; };
		1D02FCD21D1FB239007AD278 /* PullDownView.h */ = {isa = PBXFileReference; fileEncoding = 4; lastKnownFileType = sourcecode.c.h; path = PullDownView.h; sourceTree = "<group>"; };
		1D02FCD31D1FB239007AD278 /* PullDownView.m */ = {isa = PBXFileReference; fileEncoding = 4; lastKnownFileType = sourcecode.c.objc; path = PullDownView.m; sourceTree = "<group>"; };
		1D02FCD51D1FB24C007AD278 /* PullDownMainView.h */ = {isa = PBXFileReference; fileEncoding = 4; lastKnownFileType = sourcecode.c.h; path = PullDownMainView.h; sourceTree = "<group>"; };
		1D02FCD61D1FB24C007AD278 /* PullDownMainView.m */ = {isa = PBXFileReference; fileEncoding = 4; lastKnownFileType = sourcecode.c.objc; path = PullDownMainView.m; sourceTree = "<group>"; };
		1D02FCD81D1FD8C8007AD278 /* Common.h */ = {isa = PBXFileReference; lastKnownFileType = sourcecode.c.h; path = Common.h; sourceTree = "<group>"; };
/* End PBXFileReference section */

/* Begin PBXFrameworksBuildPhase section */
		1D02FC991D1FB194007AD278 /* Frameworks */ = {
			isa = PBXFrameworksBuildPhase;
			buildActionMask = 2147483647;
			files = (
			);
			runOnlyForDeploymentPostprocessing = 0;
		};
		1D02FCB21D1FB194007AD278 /* Frameworks */ = {
			isa = PBXFrameworksBuildPhase;
			buildActionMask = 2147483647;
			files = (
			);
			runOnlyForDeploymentPostprocessing = 0;
		};
		1D02FCBD1D1FB194007AD278 /* Frameworks */ = {
			isa = PBXFrameworksBuildPhase;
			buildActionMask = 2147483647;
			files = (
			);
			runOnlyForDeploymentPostprocessing = 0;
		};
/* End PBXFrameworksBuildPhase section */

/* Begin PBXGroup section */
		1D02FC931D1FB194007AD278 = {
			isa = PBXGroup;
			children = (
				1D02FC9E1D1FB194007AD278 /* SimilarPullDown */,
				1D02FCB81D1FB194007AD278 /* SimilarPullDownTests */,
				1D02FCC31D1FB194007AD278 /* SimilarPullDownUITests */,
				1D02FC9D1D1FB194007AD278 /* Products */,
			);
			sourceTree = "<group>";
		};
		1D02FC9D1D1FB194007AD278 /* Products */ = {
			isa = PBXGroup;
			children = (
				1D02FC9C1D1FB194007AD278 /* SimilarPullDown.app */,
				1D02FCB51D1FB194007AD278 /* SimilarPullDownTests.xctest */,
				1D02FCC01D1FB194007AD278 /* SimilarPullDownUITests.xctest */,
			);
			name = Products;
			sourceTree = "<group>";
		};
		1D02FC9E1D1FB194007AD278 /* SimilarPullDown */ = {
			isa = PBXGroup;
			children = (
				1D02FCA21D1FB194007AD278 /* AppDelegate.h */,
				1D02FCA31D1FB194007AD278 /* AppDelegate.m */,
				1D02FCA51D1FB194007AD278 /* ViewController.h */,
				1D02FCA61D1FB194007AD278 /* ViewController.m */,
				1D02FCA81D1FB194007AD278 /* Main.storyboard */,
				1D02FCAB1D1FB194007AD278 /* Assets.xcassets */,
				1D02FCAD1D1FB194007AD278 /* LaunchScreen.storyboard */,
				1D02FCB01D1FB194007AD278 /* Info.plist */,
				1D02FC9F1D1FB194007AD278 /* Supporting Files */,
				1D02FCD21D1FB239007AD278 /* PullDownView.h */,
				1D02FCD31D1FB239007AD278 /* PullDownView.m */,
				1D02FCD51D1FB24C007AD278 /* PullDownMainView.h */,
				1D02FCD61D1FB24C007AD278 /* PullDownMainView.m */,
				1D02FCD81D1FD8C8007AD278 /* Common.h */,
			);
			path = SimilarPullDown;
			sourceTree = "<group>";
		};
		1D02FC9F1D1FB194007AD278 /* Supporting Files */ = {
			isa = PBXGroup;
			children = (
				1D02FCA01D1FB194007AD278 /* main.m */,
			);
			name = "Supporting Files";
			sourceTree = "<group>";
		};
		1D02FCB81D1FB194007AD278 /* SimilarPullDownTests */ = {
			isa = PBXGroup;
			children = (
				1D02FCB91D1FB194007AD278 /* SimilarPullDownTests.m */,
				1D02FCBB1D1FB194007AD278 /* Info.plist */,
			);
			path = SimilarPullDownTests;
			sourceTree = "<group>";
		};
		1D02FCC31D1FB194007AD278 /* SimilarPullDownUITests */ = {
			isa = PBXGroup;
			children = (
				1D02FCC41D1FB194007AD278 /* SimilarPullDownUITests.m */,
				1D02FCC61D1FB194007AD278 /* Info.plist */,
			);
			path = SimilarPullDownUITests;
			sourceTree = "<group>";
		};
/* End PBXGroup section */

/* Begin PBXNativeTarget section */
		1D02FC9B1D1FB194007AD278 /* SimilarPullDown */ = {
			isa = PBXNativeTarget;
			buildConfigurationList = 1D02FCC91D1FB194007AD278 /* Build configuration list for PBXNativeTarget "SimilarPullDown" */;
			buildPhases = (
				1D02FC981D1FB194007AD278 /* Sources */,
				1D02FC991D1FB194007AD278 /* Frameworks */,
				1D02FC9A1D1FB194007AD278 /* Resources */,
			);
			buildRules = (
			);
			dependencies = (
			);
			name = SimilarPullDown;
			productName = SimilarPullDown;
			productReference = 1D02FC9C1D1FB194007AD278 /* SimilarPullDown.app */;
			productType = "com.apple.product-type.application";
		};
		1D02FCB41D1FB194007AD278 /* SimilarPullDownTests */ = {
			isa = PBXNativeTarget;
			buildConfigurationList = 1D02FCCC1D1FB194007AD278 /* Build configuration list for PBXNativeTarget "SimilarPullDownTests" */;
			buildPhases = (
				1D02FCB11D1FB194007AD278 /* Sources */,
				1D02FCB21D1FB194007AD278 /* Frameworks */,
				1D02FCB31D1FB194007AD278 /* Resources */,
			);
			buildRules = (
			);
			dependencies = (
				1D02FCB71D1FB194007AD278 /* PBXTargetDependency */,
			);
			name = SimilarPullDownTests;
			productName = SimilarPullDownTests;
			productReference = 1D02FCB51D1FB194007AD278 /* SimilarPullDownTests.xctest */;
			productType = "com.apple.product-type.bundle.unit-test";
		};
		1D02FCBF1D1FB194007AD278 /* SimilarPullDownUITests */ = {
			isa = PBXNativeTarget;
			buildConfigurationList = 1D02FCCF1D1FB194007AD278 /* Build configuration list for PBXNativeTarget "SimilarPullDownUITests" */;
			buildPhases = (
				1D02FCBC1D1FB194007AD278 /* Sources */,
				1D02FCBD1D1FB194007AD278 /* Frameworks */,
				1D02FCBE1D1FB194007AD278 /* Resources */,
			);
			buildRules = (
			);
			dependencies = (
				1D02FCC21D1FB194007AD278 /* PBXTargetDependency */,
			);
			name = SimilarPullDownUITests;
			productName = SimilarPullDownUITests;
			productReference = 1D02FCC01D1FB194007AD278 /* SimilarPullDownUITests.xctest */;
			productType = "com.apple.product-type.bundle.ui-testing";
		};
/* End PBXNativeTarget section */

/* Begin PBXProject section */
		1D02FC941D1FB194007AD278 /* Project object */ = {
			isa = PBXProject;
			attributes = {
				LastUpgradeCheck = 0730;
				ORGANIZATIONNAME = "duhaichao-iri";
				TargetAttributes = {
					1D02FC9B1D1FB194007AD278 = {
						CreatedOnToolsVersion = 7.3.1;
						DevelopmentTeam = 4S67ZAC466;
					};
					1D02FCB41D1FB194007AD278 = {
						CreatedOnToolsVersion = 7.3.1;
						TestTargetID = 1D02FC9B1D1FB194007AD278;
					};
					1D02FCBF1D1FB194007AD278 = {
						CreatedOnToolsVersion = 7.3.1;
						TestTargetID = 1D02FC9B1D1FB194007AD278;
					};
				};
			};
			buildConfigurationList = 1D02FC971D1FB194007AD278 /* Build configuration list for PBXProject "SimilarPullDown" */;
			compatibilityVersion = "Xcode 3.2";
			developmentRegion = English;
			hasScannedForEncodings = 0;
			knownRegions = (
				en,
				Base,
			);
			mainGroup = 1D02FC931D1FB194007AD278;
			productRefGroup = 1D02FC9D1D1FB194007AD278 /* Products */;
			projectDirPath = "";
			projectRoot = "";
			targets = (
				1D02FC9B1D1FB194007AD278 /* SimilarPullDown */,
				1D02FCB41D1FB194007AD278 /* SimilarPullDownTests */,
				1D02FCBF1D1FB194007AD278 /* SimilarPullDownUITests */,
			);
		};
/* End PBXProject section */

/* Begin PBXResourcesBuildPhase section */
		1D02FC9A1D1FB194007AD278 /* Resources */ = {
			isa = PBXResourcesBuildPhase;
			buildActionMask = 2147483647;
			files = (
				1D02FCAF1D1FB194007AD278 /* LaunchScreen.storyboard in Resources */,
				1D02FCAC1D1FB194007AD278 /* Assets.xcassets in Resources */,
				1D02FCAA1D1FB194007AD278 /* Main.storyboard in Resources */,
			);
			runOnlyForDeploymentPostprocessing = 0;
		};
		1D02FCB31D1FB194007AD278 /* Resources */ = {
			isa = PBXResourcesBuildPhase;
			buildActionMask = 2147483647;
			files = (
			);
			runOnlyForDeploymentPostprocessing = 0;
		};
		1D02FCBE1D1FB194007AD278 /* Resources */ = {
			isa = PBXResourcesBuildPhase;
			buildActionMask = 2147483647;
			files = (
			);
			runOnlyForDeploymentPostprocessing = 0;
		};
/* End PBXResourcesBuildPhase section */

/* Begin PBXSourcesBuildPhase section */
		1D02FC981D1FB194007AD278 /* Sources */ = {
			isa = PBXSourcesBuildPhase;
			buildActionMask = 2147483647;
			files = (
				1D02FCA71D1FB194007AD278 /* ViewController.m in Sources */,
				1D02FCD41D1FB239007AD278 /* PullDownView.m in Sources */,
				1D02FCA41D1FB194007AD278 /* AppDelegate.m in Sources */,
				1D02FCA11D1FB194007AD278 /* main.m in Sources */,
				1D02FCD71D1FB24C007AD278 /* PullDownMainView.m in Sources */,
			);
			runOnlyForDeploymentPostprocessing = 0;
		};
		1D02FCB11D1FB194007AD278 /* Sources */ = {
			isa = PBXSourcesBuildPhase;
			buildActionMask = 2147483647;
			files = (
				1D02FCBA1D1FB194007AD278 /* SimilarPullDownTests.m in Sources */,
			);
			runOnlyForDeploymentPostprocessing = 0;
		};
		1D02FCBC1D1FB194007AD278 /* Sources */ = {
			isa = PBXSourcesBuildPhase;
			buildActionMask = 2147483647;
			files = (
				1D02FCC51D1FB194007AD278 /* SimilarPullDownUITests.m in Sources */,
			);
			runOnlyForDeploymentPostprocessing = 0;
		};
/* End PBXSourcesBuildPhase section */

/* Begin PBXTargetDependency section */
		1D02FCB71D1FB194007AD278 /* PBXTargetDependency */ = {
			isa = PBXTargetDependency;
			target = 1D02FC9B1D1FB194007AD278 /* SimilarPullDown */;
			targetProxy = 1D02FCB61D1FB194007AD278 /* PBXContainerItemProxy */;
		};
		1D02FCC21D1FB194007AD278 /* PBXTargetDependency */ = {
			isa = PBXTargetDependency;
			target = 1D02FC9B1D1FB194007AD278 /* SimilarPullDown */;
			targetProxy = 1D02FCC11D1FB194007AD278 /* PBXContainerItemProxy */;
		};
/* End PBXTargetDependency section */

/* Begin PBXVariantGroup section */
		1D02FCA81D1FB194007AD278 /* Main.storyboard */ = {
			isa = PBXVariantGroup;
			children = (
				1D02FCA91D1FB194007AD278 /* Base */,
			);
			name = Main.storyboard;
			sourceTree = "<group>";
		};
		1D02FCAD1D1FB194007AD278 /* LaunchScreen.storyboard */ = {
			isa = PBXVariantGroup;
			children = (
				1D02FCAE1D1FB194007AD278 /* Base */,
			);
			name = LaunchScreen.storyboard;
			sourceTree = "<group>";
		};
/* End PBXVariantGroup section */

/* Begin XCBuildConfiguration section */
		1D02FCC71D1FB194007AD278 /* Debug */ = {
			isa = XCBuildConfiguration;
			buildSettings = {
				ALWAYS_SEARCH_USER_PATHS = NO;
				CLANG_ANALYZER_NONNULL = YES;
				CLANG_CXX_LANGUAGE_STANDARD = "gnu++0x";
				CLANG_CXX_LIBRARY = "libc++";
				CLANG_ENABLE_MODULES = YES;
				CLANG_ENABLE_OBJC_ARC = YES;
				CLANG_WARN_BOOL_CONVERSION = YES;
				CLANG_WARN_CONSTANT_CONVERSION = YES;
				CLANG_WARN_DIRECT_OBJC_ISA_USAGE = YES_ERROR;
				CLANG_WARN_EMPTY_BODY = YES;
				CLANG_WARN_ENUM_CONVERSION = YES;
				CLANG_WARN_INT_CONVERSION = YES;
				CLANG_WARN_OBJC_ROOT_CLASS = YES_ERROR;
				CLANG_WARN_UNREACHABLE_CODE = YES;
				CLANG_WARN__DUPLICATE_METHOD_MATCH = YES;
				"CODE_SIGN_IDENTITY[sdk=iphoneos*]" = "iPhone Developer";
				COPY_PHASE_STRIP = NO;
				DEBUG_INFORMATION_FORMAT = dwarf;
				ENABLE_STRICT_OBJC_MSGSEND = YES;
				ENABLE_TESTABILITY = YES;
				GCC_C_LANGUAGE_STANDARD = gnu99;
				GCC_DYNAMIC_NO_PIC = NO;
				GCC_NO_COMMON_BLOCKS = YES;
				GCC_OPTIMIZATION_LEVEL = 0;
				GCC_PREPROCESSOR_DEFINITIONS = (
					"DEBUG=1",
					"$(inherited)",
				);
				GCC_WARN_64_TO_32_BIT_CONVERSION = YES;
				GCC_WARN_ABOUT_RETURN_TYPE = YES_ERROR;
				GCC_WARN_UNDECLARED_SELECTOR = YES;
				GCC_WARN_UNINITIALIZED_AUTOS = YES_AGGRESSIVE;
				GCC_WARN_UNUSED_FUNCTION = YES;
				GCC_WARN_UNUSED_VARIABLE = YES;
				IPHONEOS_DEPLOYMENT_TARGET = 9.3;
				MTL_ENABLE_DEBUG_INFO = YES;
				ONLY_ACTIVE_ARCH = YES;
				SDKROOT = iphoneos;
				TARGETED_DEVICE_FAMILY = "1,2";
			};
			name = Debug;
		};
		1D02FCC81D1FB194007AD278 /* Release */ = {
			isa = XCBuildConfiguration;
			buildSettings = {
				ALWAYS_SEARCH_USER_PATHS = NO;
				CLANG_ANALYZER_NONNULL = YES;
				CLANG_CXX_LANGUAGE_STANDARD = "gnu++0x";
				CLANG_CXX_LIBRARY = "libc++";
				CLANG_ENABLE_MODULES = YES;
				CLANG_ENABLE_OBJC_ARC = YES;
				CLANG_WARN_BOOL_CONVERSION = YES;
				CLANG_WARN_CONSTANT_CONVERSION = YES;
				CLANG_WARN_DIRECT_OBJC_ISA_USAGE = YES_ERROR;
				CLANG_WARN_EMPTY_BODY = YES;
				CLANG_WARN_ENUM_CONVERSION = YES;
				CLANG_WARN_INT_CONVERSION = YES;
				CLANG_WARN_OBJC_ROOT_CLASS = YES_ERROR;
				CLANG_WARN_UNREACHABLE_CODE = YES;
				CLANG_WARN__DUPLICATE_METHOD_MATCH = YES;
				"CODE_SIGN_IDENTITY[sdk=iphoneos*]" = "iPhone Developer";
				COPY_PHASE_STRIP = NO;
				DEBUG_INFORMATION_FORMAT = "dwarf-with-dsym";
				ENABLE_NS_ASSERTIONS = NO;
				ENABLE_STRICT_OBJC_MSGSEND = YES;
				GCC_C_LANGUAGE_STANDARD = gnu99;
				GCC_NO_COMMON_BLOCKS = YES;
				GCC_WARN_64_TO_32_BIT_CONVERSION = YES;
				GCC_WARN_ABOUT_RETURN_TYPE = YES_ERROR;
				GCC_WARN_UNDECLARED_SELECTOR = YES;
				GCC_WARN_UNINITIALIZED_AUTOS = YES_AGGRESSIVE;
				GCC_WARN_UNUSED_FUNCTION = YES;
				GCC_WARN_UNUSED_VARIABLE = YES;
				IPHONEOS_DEPLOYMENT_TARGET = 9.3;
				MTL_ENABLE_DEBUG_INFO = NO;
				SDKROOT = iphoneos;
				TARGETED_DEVICE_FAMILY = "1,2";
				VALIDATE_PRODUCT = YES;
			};
			name = Release;
		};
		1D02FCCA1D1FB194007AD278 /* Debug */ = {
			isa = XCBuildConfiguration;
			buildSettings = {
				ASSETCATALOG_COMPILER_APPICON_NAME = AppIcon;
				DEVELOPMENT_TEAM = 4S67ZAC466;
				INFOPLIST_FILE = SimilarPullDown/Info.plist;
				IPHONEOS_DEPLOYMENT_TARGET = 8.0;
				LD_RUNPATH_SEARCH_PATHS = "$(inherited) @executable_path/Frameworks";
				PRODUCT_BUNDLE_IDENTIFIER = com.qihu.SimilarPullDown;
				PRODUCT_NAME = "$(TARGET_NAME)";
			};
			name = Debug;
		};
		1D02FCCB1D1FB194007AD278 /* Release */ = {
			isa = XCBuildConfiguration;
			buildSettings = {
				ASSETCATALOG_COMPILER_APPICON_NAME = AppIcon;
				DEVELOPMENT_TEAM = 4S67ZAC466;
				INFOPLIST_FILE = SimilarPullDown/Info.plist;
				IPHONEOS_DEPLOYMENT_TARGET = 8.0;
				LD_RUNPATH_SEARCH_PATHS = "$(inherited) @executable_path/Frameworks";
				PRODUCT_BUNDLE_IDENTIFIER = com.qihu.SimilarPullDown;
				PRODUCT_NAME = "$(TARGET_NAME)";
			};
			name = Release;
		};
		1D02FCCD1D1FB194007AD278 /* Debug */ = {
			isa = XCBuildConfiguration;
			buildSettings = {
				BUNDLE_LOADER = "$(TEST_HOST)";
				INFOPLIST_FILE = SimilarPullDownTests/Info.plist;
				LD_RUNPATH_SEARCH_PATHS = "$(inherited) @executable_path/Frameworks @loader_path/Frameworks";
				PRODUCT_BUNDLE_IDENTIFIER = com.qihu.SimilarPullDownTests;
				PRODUCT_NAME = "$(TARGET_NAME)";
				TEST_HOST = "$(BUILT_PRODUCTS_DIR)/SimilarPullDown.app/SimilarPullDown";
			};
			name = Debug;
		};
		1D02FCCE1D1FB194007AD278 /* Release */ = {
			isa = XCBuildConfiguration;
			buildSettings = {
				BUNDLE_LOADER = "$(TEST_HOST)";
				INFOPLIST_FILE = SimilarPullDownTests/Info.plist;
				LD_RUNPATH_SEARCH_PATHS = "$(inherited) @executable_path/Frameworks @loader_path/Frameworks";
				PRODUCT_BUNDLE_IDENTIFIER = com.qihu.SimilarPullDownTests;
				PRODUCT_NAME = "$(TARGET_NAME)";
				TEST_HOST = "$(BUILT_PRODUCTS_DIR)/SimilarPullDown.app/SimilarPullDown";
			};
			name = Release;
		};
		1D02FCD01D1FB194007AD278 /* Debug */ = {
			isa = XCBuildConfiguration;
			buildSettings = {
				INFOPLIST_FILE = SimilarPullDownUITests/Info.plist;
				LD_RUNPATH_SEARCH_PATHS = "$(inherited) @executable_path/Frameworks @loader_path/Frameworks";
				PRODUCT_BUNDLE_IDENTIFIER = com.qihu.SimilarPullDownUITests;
				PRODUCT_NAME = "$(TARGET_NAME)";
				TEST_TARGET_NAME = SimilarPullDown;
			};
			name = Debug;
		};
		1D02FCD11D1FB194007AD278 /* Release */ = {
			isa = XCBuildConfiguration;
			buildSettings = {
				INFOPLIST_FILE = SimilarPullDownUITests/Info.plist;
				LD_RUNPATH_SEARCH_PATHS = "$(inherited) @executable_path/Frameworks @loader_path/Frameworks";
				PRODUCT_BUNDLE_IDENTIFIER = com.qihu.SimilarPullDownUITests;
				PRODUCT_NAME = "$(TARGET_NAME)";
				TEST_TARGET_NAME = SimilarPullDown;
			};
			name = Release;
		};
/* End XCBuildConfiguration section */

/* Begin XCConfigurationList section */
		1D02FC971D1FB194007AD278 /* Build configuration list for PBXProject "SimilarPullDown" */ = {
			isa = XCConfigurationList;
			buildConfigurations = (
				1D02FCC71D1FB194007AD278 /* Debug */,
				1D02FCC81D1FB194007AD278 /* Release */,
			);
			defaultConfigurationIsVisible = 0;
			defaultConfigurationName = Release;
		};
		1D02FCC91D1FB194007AD278 /* Build configuration list for PBXNativeTarget "SimilarPullDown" */ = {
			isa = XCConfigurationList;
			buildConfigurations = (
				1D02FCCA1D1FB194007AD278 /* Debug */,
				1D02FCCB1D1FB194007AD278 /* Release */,
			);
			defaultConfigurationIsVisible = 0;
			defaultConfigurationName = Release;
		};
		1D02FCCC1D1FB194007AD278 /* Build configuration list for PBXNativeTarget "SimilarPullDownTests" */ = {
			isa = XCConfigurationList;
			buildConfigurations = (
				1D02FCCD1D1FB194007AD278 /* Debug */,
				1D02FCCE1D1FB194007AD278 /* Release */,
			);
			defaultConfigurationIsVisible = 0;
			defaultConfigurationName = Release;
		};
		1D02FCCF1D1FB194007AD278 /* Build configuration list for PBXNativeTarget "SimilarPullDownUITests" */ = {
			isa = XCConfigurationList;
			buildConfigurations = (
				1D02FCD01D1FB194007AD278 /* Debug */,
				1D02FCD11D1FB194007AD278 /* Release */,
			);
			defaultConfigurationIsVisible = 0;
			defaultConfigurationName = Release;
		};
/* End XCConfigurationList section */
	};
	rootObject = 1D02FC941D1FB194007AD278 /* Project object */;
}
